<Solution>
  <Folder Name="/src/">
    <Project Path="src/Linkpearl.Abstractions/Linkpearl.Abstractions.csproj" />
    <Project Path="src/Linkpearl.Applets.Core/Linkpearl.Applets.Core.csproj" />
    <Project Path="src/Linkpearl.Applets.Life/Linkpearl.Applets.Life.csproj" />
    <Project Path="src/Linkpearl.Canvas/Linkpearl.Canvas.csproj" />
    <Project Path="src/Linkpearl.Destinations/Linkpearl.Destinations.csproj" />
    <Project Path="src/Linkpearl.Device/Linkpearl.Device.csproj" />
    <Project Path="src/Linkpearl.Host/Linkpearl.Host.csproj" />
    <Project Path="src/Linkpearl.Net/Linkpearl.Net.csproj" />
    <Project Path="src/Linkpearl.Platform.Ffxiv/Linkpearl.Platform.Ffxiv.csproj" />
  </Folder>
</Solution>
